
Microsoft Visual Studio Solution File, Format Version 12.00
# Visual Studio Version 16
VisualStudioVersion = 16.0.33130.400
MinimumVisualStudioVersion = 10.0.40219.1
Project("{FAE04EC0-301F-11D3-BF4B-00C04F79EFBC}") = "SchoolApplication", "SchoolApplication\SchoolApplication.csproj", "{E5379D43-B412-48FD-85B3-46724433DE78}"
EndProject
Global
	GlobalSection(SolutionConfigurationPlatforms) = preSolution
		Debug|Any CPU = Debug|Any CPU
		Release|Any CPU = Release|Any CPU
	EndGlobalSection
	GlobalSection(ProjectConfigurationPlatforms) = postSolution
		{E5379D43-B412-48FD-85B3-46724433DE78}.Debug|Any CPU.ActiveCfg = Debug|Any CPU
		{E5379D43-B412-48FD-85B3-46724433DE78}.Debug|Any CPU.Build.0 = Debug|Any CPU
		{E5379D43-B412-48FD-85B3-46724433DE78}.Release|Any CPU.ActiveCfg = Release|Any CPU
		{E5379D43-B412-48FD-85B3-46724433DE78}.Release|Any CPU.Build.0 = Release|Any CPU
	EndGlobalSection
	GlobalSection(SolutionProperties) = preSolution
		HideSolutionNode = FALSE
	EndGlobalSection
	GlobalSection(ExtensibilityGlobals) = postSolution
		SolutionGuid = {94CD74A6-7738-4C5B-8E96-CA8D9A48D7CB}
	EndGlobalSection
EndGlobal
